// !$*UTF8*$!
{
	archiveVersion = 1;
	classes = {
	};
	objectVersion = 50;
	objects = {

/* Begin PBXBuildFile section */
		0A1DB3EE26652B2F002A0134 /* WinnerCard.swift in Sources */ = {isa = PBXBuildFile; fileRef = 0A1DB3ED26652B2F002A0134 /* WinnerCard.swift */; };
		0A1DB3F126652E81002A0134 /* RouterViewModel.swift in Sources */ = {isa = PBXBuildFile; fileRef = 0A1DB3F026652E81002A0134 /* RouterViewModel.swift */; };
		0A1DB3F326652EA5002A0134 /* ScreenOption.swift in Sources */ = {isa = PBXBuildFile; fileRef = 0A1DB3F226652EA5002A0134 /* ScreenOption.swift */; };
		0A1DB3F626652EF6002A0134 /* SelectionButton.swift in Sources */ = {isa = PBXBuildFile; fileRef = 0A1DB3F526652EF6002A0134 /* SelectionButton.swift */; };
		0A1DB3F826653719002A0134 /* CurrentSelectionView.swift in Sources */ = {isa = PBXBuildFile; fileRef = 0A1DB3F726653719002A0134 /* CurrentSelectionView.swift */; };
		0A1DB3FB266539D3002A0134 /* NeumorphicCard.swift in Sources */ = {isa = PBXBuildFile; fileRef = 0A1DB3FA266539D3002A0134 /* NeumorphicCard.swift */; };
		0A563656266565240037D7C0 /* ValidationPublishers.swift in Sources */ = {isa = PBXBuildFile; fileRef = 0A563655266565240037D7C0 /* ValidationPublishers.swift */; };
		0A563658266567220037D7C0 /* Published-Extension .swift in Sources */ = {isa = PBXBuildFile; fileRef = 0A563657266567220037D7C0 /* Published-Extension .swift */; };
		0A56365A26656FE00037D7C0 /* CreateRaffleView.swift in Sources */ = {isa = PBXBuildFile; fileRef = 0A56365926656FE00037D7C0 /* CreateRaffleView.swift */; };
		0A606D2126641C7E00DB1D54 /* RaffleCard.swift in Sources */ = {isa = PBXBuildFile; fileRef = 0A606D2026641C7E00DB1D54 /* RaffleCard.swift */; };
		0A606D2326642B2900DB1D54 /* PostRaffleResponse.swift in Sources */ = {isa = PBXBuildFile; fileRef = 0A606D2226642B2900DB1D54 /* PostRaffleResponse.swift */; };
		0A606D2526643AE300DB1D54 /* PostRaffle.swift in Sources */ = {isa = PBXBuildFile; fileRef = 0A606D2426643AE300DB1D54 /* PostRaffle.swift */; };
		0A606D29266448A700DB1D54 /* Validation.swift in Sources */ = {isa = PBXBuildFile; fileRef = 0A606D28266448A700DB1D54 /* Validation.swift */; };
		0A606D2D266455B200DB1D54 /* ParticipantsViewModel.swift in Sources */ = {isa = PBXBuildFile; fileRef = 0A606D2C266455B200DB1D54 /* ParticipantsViewModel.swift */; };
		0A606D2F266456B600DB1D54 /* Participant.swift in Sources */ = {isa = PBXBuildFile; fileRef = 0A606D2E266456B600DB1D54 /* Participant.swift */; };
		0A606D3326645C2C00DB1D54 /* ParticipantCell.swift in Sources */ = {isa = PBXBuildFile; fileRef = 0A606D3226645C2C00DB1D54 /* ParticipantCell.swift */; };
		0A606D3626645D5F00DB1D54 /* ParticipantsView.swift in Sources */ = {isa = PBXBuildFile; fileRef = 0A606D3526645D5F00DB1D54 /* ParticipantsView.swift */; };
		0A606D3B2664686400DB1D54 /* Color-Extension.swift in Sources */ = {isa = PBXBuildFile; fileRef = 0A606D3A2664686400DB1D54 /* Color-Extension.swift */; };
		0A606D3D26646B3400DB1D54 /* LinearGradient-Extension.swift in Sources */ = {isa = PBXBuildFile; fileRef = 0A606D3C26646B3400DB1D54 /* LinearGradient-Extension.swift */; };
		0A606D3F26646DA200DB1D54 /* RegisterViewModel.swift in Sources */ = {isa = PBXBuildFile; fileRef = 0A606D3E26646DA200DB1D54 /* RegisterViewModel.swift */; };
		0A606D422664704600DB1D54 /* RoundedCorner.swift in Sources */ = {isa = PBXBuildFile; fileRef = 0A606D412664704600DB1D54 /* RoundedCorner.swift */; };
		0A606D442664740D00DB1D54 /* RegisterParticipantReponse.swift in Sources */ = {isa = PBXBuildFile; fileRef = 0A606D432664740D00DB1D54 /* RegisterParticipantReponse.swift */; };
		0A606D462664777600DB1D54 /* SignUpForm.swift in Sources */ = {isa = PBXBuildFile; fileRef = 0A606D452664777600DB1D54 /* SignUpForm.swift */; };
		0A606D4926647DDC00DB1D54 /* PickAWinnerViewModel.swift in Sources */ = {isa = PBXBuildFile; fileRef = 0A606D4826647DDC00DB1D54 /* PickAWinnerViewModel.swift */; };
		0A606D4B2664835700DB1D54 /* ErrorResponse.swift in Sources */ = {isa = PBXBuildFile; fileRef = 0A606D4A2664835700DB1D54 /* ErrorResponse.swift */; };
		0A606D4F26648A6C00DB1D54 /* WinnerView.swift in Sources */ = {isa = PBXBuildFile; fileRef = 0A606D4E26648A6C00DB1D54 /* WinnerView.swift */; };
		0A606D5326648A9700DB1D54 /* WinnerViewModel.swift in Sources */ = {isa = PBXBuildFile; fileRef = 0A606D5226648A9700DB1D54 /* WinnerViewModel.swift */; };
		0A606D5526649A8800DB1D54 /* RouterView.swift in Sources */ = {isa = PBXBuildFile; fileRef = 0A606D5426649A8800DB1D54 /* RouterView.swift */; };
		0AA8AB522662FDDB00978B99 /* RafflesApp.swift in Sources */ = {isa = PBXBuildFile; fileRef = 0AA8AB512662FDDB00978B99 /* RafflesApp.swift */; };
		0AA8AB562662FDDC00978B99 /* Assets.xcassets in Resources */ = {isa = PBXBuildFile; fileRef = 0AA8AB552662FDDC00978B99 /* Assets.xcassets */; };
		0AA8AB592662FDDC00978B99 /* Preview Assets.xcassets in Resources */ = {isa = PBXBuildFile; fileRef = 0AA8AB582662FDDC00978B99 /* Preview Assets.xcassets */; };
		0AA8AB642662FEC900978B99 /* HTTPMethod.swift in Sources */ = {isa = PBXBuildFile; fileRef = 0AA8AB632662FEC900978B99 /* HTTPMethod.swift */; };
		0AA8AB662662FFF500978B99 /* Endpoint.swift in Sources */ = {isa = PBXBuildFile; fileRef = 0AA8AB652662FFF500978B99 /* Endpoint.swift */; };
		0AA8AB682663010900978B99 /* API.swift in Sources */ = {isa = PBXBuildFile; fileRef = 0AA8AB672663010900978B99 /* API.swift */; };
		0AA8AB6A2663024F00978B99 /* RaffleAPIClient.swift in Sources */ = {isa = PBXBuildFile; fileRef = 0AA8AB692663024F00978B99 /* RaffleAPIClient.swift */; };
		0AE678252663B91300D7CEEE /* Extension-URL.swift in Sources */ = {isa = PBXBuildFile; fileRef = 0AE678242663B91300D7CEEE /* Extension-URL.swift */; };
		0AE678282663C10400D7CEEE /* Raffle.swift in Sources */ = {isa = PBXBuildFile; fileRef = 0AE678272663C10400D7CEEE /* Raffle.swift */; };
		0AE6782A2663C24100D7CEEE /* APIError.swift in Sources */ = {isa = PBXBuildFile; fileRef = 0AE678292663C24100D7CEEE /* APIError.swift */; };
		0AE6782F2663E76000D7CEEE /* HomeView.swift in Sources */ = {isa = PBXBuildFile; fileRef = 0AE6782E2663E76000D7CEEE /* HomeView.swift */; };
		0AE678312663F05600D7CEEE /* RegisterView.swift in Sources */ = {isa = PBXBuildFile; fileRef = 0AE678302663F05600D7CEEE /* RegisterView.swift */; };
		0AE678332663F3BE00D7CEEE /* RaffleParticipantsView.swift in Sources */ = {isa = PBXBuildFile; fileRef = 0AE678322663F3BE00D7CEEE /* RaffleParticipantsView.swift */; };
		0AE6783526640D8C00D7CEEE /* PickAWinnerView.swift in Sources */ = {isa = PBXBuildFile; fileRef = 0AE6783426640D8C00D7CEEE /* PickAWinnerView.swift */; };
		0AE6783A2664116F00D7CEEE /* HomeViewModel.swift in Sources */ = {isa = PBXBuildFile; fileRef = 0AE678392664116F00D7CEEE /* HomeViewModel.swift */; };
		0AE6783D2664162300D7CEEE /* AllRafflesView.swift in Sources */ = {isa = PBXBuildFile; fileRef = 0AE6783C2664162300D7CEEE /* AllRafflesView.swift */; };
/* End PBXBuildFile section */

/* Begin PBXFileReference section */
		0A1DB3ED26652B2F002A0134 /* WinnerCard.swift */ = {isa = PBXFileReference; lastKnownFileType = sourcecode.swift; path = WinnerCard.swift; sourceTree = "<group>"; };
		0A1DB3F026652E81002A0134 /* RouterViewModel.swift */ = {isa = PBXFileReference; lastKnownFileType = sourcecode.swift; path = RouterViewModel.swift; sourceTree = "<group>"; };
		0A1DB3F226652EA5002A0134 /* ScreenOption.swift */ = {isa = PBXFileReference; lastKnownFileType = sourcecode.swift; path = ScreenOption.swift; sourceTree = "<group>"; };
		0A1DB3F526652EF6002A0134 /* SelectionButton.swift */ = {isa = PBXFileReference; lastKnownFileType = sourcecode.swift; path = SelectionButton.swift; sourceTree = "<group>"; };
		0A1DB3F726653719002A0134 /* CurrentSelectionView.swift */ = {isa = PBXFileReference; lastKnownFileType = sourcecode.swift; path = CurrentSelectionView.swift; sourceTree = "<group>"; };
		0A1DB3FA266539D3002A0134 /* NeumorphicCard.swift */ = {isa = PBXFileReference; lastKnownFileType = sourcecode.swift; path = NeumorphicCard.swift; sourceTree = "<group>"; };
		0A563655266565240037D7C0 /* ValidationPublishers.swift */ = {isa = PBXFileReference; lastKnownFileType = sourcecode.swift; path = ValidationPublishers.swift; sourceTree = "<group>"; };
		0A563657266567220037D7C0 /* Published-Extension .swift */ = {isa = PBXFileReference; lastKnownFileType = sourcecode.swift; path = "Published-Extension .swift"; sourceTree = "<group>"; };
		0A56365926656FE00037D7C0 /* CreateRaffleView.swift */ = {isa = PBXFileReference; lastKnownFileType = sourcecode.swift; path = CreateRaffleView.swift; sourceTree = "<group>"; };
		0A606D2026641C7E00DB1D54 /* RaffleCard.swift */ = {isa = PBXFileReference; lastKnownFileType = sourcecode.swift; path = RaffleCard.swift; sourceTree = "<group>"; };
		0A606D2226642B2900DB1D54 /* PostRaffleResponse.swift */ = {isa = PBXFileReference; lastKnownFileType = sourcecode.swift; path = PostRaffleResponse.swift; sourceTree = "<group>"; };
		0A606D2426643AE300DB1D54 /* PostRaffle.swift */ = {isa = PBXFileReference; lastKnownFileType = sourcecode.swift; path = PostRaffle.swift; sourceTree = "<group>"; };
		0A606D28266448A700DB1D54 /* Validation.swift */ = {isa = PBXFileReference; lastKnownFileType = sourcecode.swift; path = Validation.swift; sourceTree = "<group>"; };
		0A606D2C266455B200DB1D54 /* ParticipantsViewModel.swift */ = {isa = PBXFileReference; lastKnownFileType = sourcecode.swift; path = ParticipantsViewModel.swift; sourceTree = "<group>"; };
		0A606D2E266456B600DB1D54 /* Participant.swift */ = {isa = PBXFileReference; lastKnownFileType = sourcecode.swift; path = Participant.swift; sourceTree = "<group>"; };
		0A606D3226645C2C00DB1D54 /* ParticipantCell.swift */ = {isa = PBXFileReference; lastKnownFileType = sourcecode.swift; path = ParticipantCell.swift; sourceTree = "<group>"; };
		0A606D3526645D5F00DB1D54 /* ParticipantsView.swift */ = {isa = PBXFileReference; lastKnownFileType = sourcecode.swift; path = ParticipantsView.swift; sourceTree = "<group>"; };
		0A606D3A2664686400DB1D54 /* Color-Extension.swift */ = {isa = PBXFileReference; lastKnownFileType = sourcecode.swift; path = "Color-Extension.swift"; sourceTree = "<group>"; };
		0A606D3C26646B3400DB1D54 /* LinearGradient-Extension.swift */ = {isa = PBXFileReference; lastKnownFileType = sourcecode.swift; path = "LinearGradient-Extension.swift"; sourceTree = "<group>"; };
		0A606D3E26646DA200DB1D54 /* RegisterViewModel.swift */ = {isa = PBXFileReference; lastKnownFileType = sourcecode.swift; path = RegisterViewModel.swift; sourceTree = "<group>"; };
		0A606D412664704600DB1D54 /* RoundedCorner.swift */ = {isa = PBXFileReference; lastKnownFileType = sourcecode.swift; path = RoundedCorner.swift; sourceTree = "<group>"; };
		0A606D432664740D00DB1D54 /* RegisterParticipantReponse.swift */ = {isa = PBXFileReference; lastKnownFileType = sourcecode.swift; path = RegisterParticipantReponse.swift; sourceTree = "<group>"; };
		0A606D452664777600DB1D54 /* SignUpForm.swift */ = {isa = PBXFileReference; lastKnownFileType = sourcecode.swift; path = SignUpForm.swift; sourceTree = "<group>"; };
		0A606D4826647DDC00DB1D54 /* PickAWinnerViewModel.swift */ = {isa = PBXFileReference; lastKnownFileType = sourcecode.swift; path = PickAWinnerViewModel.swift; sourceTree = "<group>"; };
		0A606D4A2664835700DB1D54 /* ErrorResponse.swift */ = {isa = PBXFileReference; lastKnownFileType = sourcecode.swift; path = ErrorResponse.swift; sourceTree = "<group>"; };
		0A606D4E26648A6C00DB1D54 /* WinnerView.swift */ = {isa = PBXFileReference; lastKnownFileType = sourcecode.swift; path = WinnerView.swift; sourceTree = "<group>"; };
		0A606D5226648A9700DB1D54 /* WinnerViewModel.swift */ = {isa = PBXFileReference; lastKnownFileType = sourcecode.swift; path = WinnerViewModel.swift; sourceTree = "<group>"; };
		0A606D5426649A8800DB1D54 /* RouterView.swift */ = {isa = PBXFileReference; lastKnownFileType = sourcecode.swift; path = RouterView.swift; sourceTree = "<group>"; };
		0AA8AB4E2662FDDB00978B99 /* Raffles.app */ = {isa = PBXFileReference; explicitFileType = wrapper.application; includeInIndex = 0; path = Raffles.app; sourceTree = BUILT_PRODUCTS_DIR; };
		0AA8AB512662FDDB00978B99 /* RafflesApp.swift */ = {isa = PBXFileReference; lastKnownFileType = sourcecode.swift; path = RafflesApp.swift; sourceTree = "<group>"; };
		0AA8AB552662FDDC00978B99 /* Assets.xcassets */ = {isa = PBXFileReference; lastKnownFileType = folder.assetcatalog; path = Assets.xcassets; sourceTree = "<group>"; };
		0AA8AB582662FDDC00978B99 /* Preview Assets.xcassets */ = {isa = PBXFileReference; lastKnownFileType = folder.assetcatalog; path = "Preview Assets.xcassets"; sourceTree = "<group>"; };
		0AA8AB5A2662FDDC00978B99 /* Info.plist */ = {isa = PBXFileReference; lastKnownFileType = text.plist.xml; path = Info.plist; sourceTree = "<group>"; };
		0AA8AB632662FEC900978B99 /* HTTPMethod.swift */ = {isa = PBXFileReference; lastKnownFileType = sourcecode.swift; path = HTTPMethod.swift; sourceTree = "<group>"; };
		0AA8AB652662FFF500978B99 /* Endpoint.swift */ = {isa = PBXFileReference; lastKnownFileType = sourcecode.swift; path = Endpoint.swift; sourceTree = "<group>"; };
		0AA8AB672663010900978B99 /* API.swift */ = {isa = PBXFileReference; lastKnownFileType = sourcecode.swift; path = API.swift; sourceTree = "<group>"; };
		0AA8AB692663024F00978B99 /* RaffleAPIClient.swift */ = {isa = PBXFileReference; lastKnownFileType = sourcecode.swift; path = RaffleAPIClient.swift; sourceTree = "<group>"; };
		0AE678242663B91300D7CEEE /* Extension-URL.swift */ = {isa = PBXFileReference; lastKnownFileType = sourcecode.swift; path = "Extension-URL.swift"; sourceTree = "<group>"; };
		0AE678272663C10400D7CEEE /* Raffle.swift */ = {isa = PBXFileReference; lastKnownFileType = sourcecode.swift; path = Raffle.swift; sourceTree = "<group>"; };
		0AE678292663C24100D7CEEE /* APIError.swift */ = {isa = PBXFileReference; lastKnownFileType = sourcecode.swift; path = APIError.swift; sourceTree = "<group>"; };
		0AE6782E2663E76000D7CEEE /* HomeView.swift */ = {isa = PBXFileReference; lastKnownFileType = sourcecode.swift; path = HomeView.swift; sourceTree = "<group>"; };
		0AE678302663F05600D7CEEE /* RegisterView.swift */ = {isa = PBXFileReference; lastKnownFileType = sourcecode.swift; path = RegisterView.swift; sourceTree = "<group>"; };
		0AE678322663F3BE00D7CEEE /* RaffleParticipantsView.swift */ = {isa = PBXFileReference; lastKnownFileType = sourcecode.swift; path = RaffleParticipantsView.swift; sourceTree = "<group>"; };
		0AE6783426640D8C00D7CEEE /* PickAWinnerView.swift */ = {isa = PBXFileReference; lastKnownFileType = sourcecode.swift; path = PickAWinnerView.swift; sourceTree = "<group>"; };
		0AE678392664116F00D7CEEE /* HomeViewModel.swift */ = {isa = PBXFileReference; lastKnownFileType = sourcecode.swift; path = HomeViewModel.swift; sourceTree = "<group>"; };
		0AE6783C2664162300D7CEEE /* AllRafflesView.swift */ = {isa = PBXFileReference; lastKnownFileType = sourcecode.swift; path = AllRafflesView.swift; sourceTree = "<group>"; };
/* End PBXFileReference section */

/* Begin PBXFrameworksBuildPhase section */
		0AA8AB4B2662FDDB00978B99 /* Frameworks */ = {
			isa = PBXFrameworksBuildPhase;
			buildActionMask = 2147483647;
			files = (
			);
			runOnlyForDeploymentPostprocessing = 0;
		};
/* End PBXFrameworksBuildPhase section */

/* Begin PBXGroup section */
		0A1DB3EC26652B10002A0134 /* SubViews */ = {
			isa = PBXGroup;
			children = (
				0A606D4726647D1000DB1D54 /* PickAWinner */,
				0A1DB3ED26652B2F002A0134 /* WinnerCard.swift */,
			);
			path = SubViews;
			sourceTree = "<group>";
		};
		0A1DB3EF26652E18002A0134 /* Router */ = {
			isa = PBXGroup;
			children = (
				0A1DB3F426652EDE002A0134 /* SubViews */,
				0A1DB3F226652EA5002A0134 /* ScreenOption.swift */,
				0A606D5426649A8800DB1D54 /* RouterView.swift */,
				0A1DB3F026652E81002A0134 /* RouterViewModel.swift */,
			);
			path = Router;
			sourceTree = "<group>";
		};
		0A1DB3F426652EDE002A0134 /* SubViews */ = {
			isa = PBXGroup;
			children = (
				0A1DB3F526652EF6002A0134 /* SelectionButton.swift */,
				0A1DB3F726653719002A0134 /* CurrentSelectionView.swift */,
			);
			path = SubViews;
			sourceTree = "<group>";
		};
		0A1DB3F9266539CA002A0134 /* Views */ = {
			isa = PBXGroup;
			children = (
				0A1DB3FA266539D3002A0134 /* NeumorphicCard.swift */,
			);
			path = Views;
			sourceTree = "<group>";
		};
		0A606D262664488500DB1D54 /* Utilities */ = {
			isa = PBXGroup;
			children = (
				0A1DB3F9266539CA002A0134 /* Views */,
				0A606D402664703E00DB1D54 /* Shape */,
				0A606D372664683200DB1D54 /* Extension */,
				0A606D272664489000DB1D54 /* Validation */,
				0AA8AB602662FE1D00978B99 /* Networking */,
			);
			path = Utilities;
			sourceTree = "<group>";
		};
		0A606D272664489000DB1D54 /* Validation */ = {
			isa = PBXGroup;
			children = (
				0A606D28266448A700DB1D54 /* Validation.swift */,
				0A563655266565240037D7C0 /* ValidationPublishers.swift */,
				0A563657266567220037D7C0 /* Published-Extension .swift */,
			);
			path = Validation;
			sourceTree = "<group>";
		};
		0A606D2A2664525B00DB1D54 /* Register */ = {
			isa = PBXGroup;
			children = (
				0AE678302663F05600D7CEEE /* RegisterView.swift */,
				0A606D3E26646DA200DB1D54 /* RegisterViewModel.swift */,
			);
			path = Register;
			sourceTree = "<group>";
		};
		0A606D2B2664545900DB1D54 /* Participants */ = {
			isa = PBXGroup;
			children = (
				0A606D3426645D2700DB1D54 /* SubViews */,
				0AE678322663F3BE00D7CEEE /* RaffleParticipantsView.swift */,
				0A606D2C266455B200DB1D54 /* ParticipantsViewModel.swift */,
			);
			path = Participants;
			sourceTree = "<group>";
		};
		0A606D3426645D2700DB1D54 /* SubViews */ = {
			isa = PBXGroup;
			children = (
				0A606D3226645C2C00DB1D54 /* ParticipantCell.swift */,
				0A606D3526645D5F00DB1D54 /* ParticipantsView.swift */,
			);
			path = SubViews;
			sourceTree = "<group>";
		};
		0A606D372664683200DB1D54 /* Extension */ = {
			isa = PBXGroup;
			children = (
				0A606D3A2664686400DB1D54 /* Color-Extension.swift */,
				0A606D3C26646B3400DB1D54 /* LinearGradient-Extension.swift */,
			);
			path = Extension;
			sourceTree = "<group>";
		};
		0A606D402664703E00DB1D54 /* Shape */ = {
			isa = PBXGroup;
			children = (
				0A606D412664704600DB1D54 /* RoundedCorner.swift */,
			);
			path = Shape;
			sourceTree = "<group>";
		};
		0A606D4726647D1000DB1D54 /* PickAWinner */ = {
			isa = PBXGroup;
			children = (
				0AE6783426640D8C00D7CEEE /* PickAWinnerView.swift */,
				0A606D4826647DDC00DB1D54 /* PickAWinnerViewModel.swift */,
			);
			path = PickAWinner;
			sourceTree = "<group>";
		};
		0A606D4D26648A5E00DB1D54 /* Winner */ = {
			isa = PBXGroup;
			children = (
				0A1DB3EC26652B10002A0134 /* SubViews */,
				0A606D4E26648A6C00DB1D54 /* WinnerView.swift */,
				0A606D5226648A9700DB1D54 /* WinnerViewModel.swift */,
			);
			path = Winner;
			sourceTree = "<group>";
		};
		0AA8AB452662FDDB00978B99 = {
			isa = PBXGroup;
			children = (
				0AA8AB502662FDDB00978B99 /* Raffles */,
				0AA8AB4F2662FDDB00978B99 /* Products */,
			);
			sourceTree = "<group>";
		};
		0AA8AB4F2662FDDB00978B99 /* Products */ = {
			isa = PBXGroup;
			children = (
				0AA8AB4E2662FDDB00978B99 /* Raffles.app */,
			);
			name = Products;
			sourceTree = "<group>";
		};
		0AA8AB502662FDDB00978B99 /* Raffles */ = {
			isa = PBXGroup;
			children = (
				0AA8AB512662FDDB00978B99 /* RafflesApp.swift */,
				0A606D262664488500DB1D54 /* Utilities */,
				0AE6782D2663E73C00D7CEEE /* Screens */,
				0AE678262663C0FC00D7CEEE /* Models */,
				0AA8AB552662FDDC00978B99 /* Assets.xcassets */,
				0AA8AB5A2662FDDC00978B99 /* Info.plist */,
				0AA8AB572662FDDC00978B99 /* Preview Content */,
			);
			path = Raffles;
			sourceTree = "<group>";
		};
		0AA8AB572662FDDC00978B99 /* Preview Content */ = {
			isa = PBXGroup;
			children = (
				0AA8AB582662FDDC00978B99 /* Preview Assets.xcassets */,
			);
			path = "Preview Content";
			sourceTree = "<group>";
		};
		0AA8AB602662FE1D00978B99 /* Networking */ = {
			isa = PBXGroup;
			children = (
				0AA8AB632662FEC900978B99 /* HTTPMethod.swift */,
				0AA8AB652662FFF500978B99 /* Endpoint.swift */,
				0AA8AB672663010900978B99 /* API.swift */,
				0AA8AB692663024F00978B99 /* RaffleAPIClient.swift */,
				0AE678242663B91300D7CEEE /* Extension-URL.swift */,
				0AE678292663C24100D7CEEE /* APIError.swift */,
				0A606D4A2664835700DB1D54 /* ErrorResponse.swift */,
			);
			path = Networking;
			sourceTree = "<group>";
		};
		0AE678262663C0FC00D7CEEE /* Models */ = {
			isa = PBXGroup;
			children = (
				0AE678272663C10400D7CEEE /* Raffle.swift */,
				0A606D2226642B2900DB1D54 /* PostRaffleResponse.swift */,
				0A606D2426643AE300DB1D54 /* PostRaffle.swift */,
				0A606D2E266456B600DB1D54 /* Participant.swift */,
				0A606D432664740D00DB1D54 /* RegisterParticipantReponse.swift */,
				0A606D452664777600DB1D54 /* SignUpForm.swift */,
			);
			path = Models;
			sourceTree = "<group>";
		};
		0AE6782D2663E73C00D7CEEE /* Screens */ = {
			isa = PBXGroup;
			children = (
				0A1DB3EF26652E18002A0134 /* Router */,
				0AE678362664113300D7CEEE /* Home */,
				0A606D2B2664545900DB1D54 /* Participants */,
				0A606D2A2664525B00DB1D54 /* Register */,
				0A606D4D26648A5E00DB1D54 /* Winner */,
			);
			path = Screens;
			sourceTree = "<group>";
		};
		0AE678362664113300D7CEEE /* Home */ = {
			isa = PBXGroup;
			children = (
				0AE6783B266415F900D7CEEE /* SubViews */,
				0AE6782E2663E76000D7CEEE /* HomeView.swift */,
				0AE678392664116F00D7CEEE /* HomeViewModel.swift */,
			);
			path = Home;
			sourceTree = "<group>";
		};
		0AE6783B266415F900D7CEEE /* SubViews */ = {
			isa = PBXGroup;
			children = (
				0AE6783C2664162300D7CEEE /* AllRafflesView.swift */,
				0A606D2026641C7E00DB1D54 /* RaffleCard.swift */,
				0A56365926656FE00037D7C0 /* CreateRaffleView.swift */,
			);
			path = SubViews;
			sourceTree = "<group>";
		};
/* End PBXGroup section */

/* Begin PBXNativeTarget section */
		0AA8AB4D2662FDDB00978B99 /* Raffles */ = {
			isa = PBXNativeTarget;
			buildConfigurationList = 0AA8AB5D2662FDDC00978B99 /* Build configuration list for PBXNativeTarget "Raffles" */;
			buildPhases = (
				0AA8AB4A2662FDDB00978B99 /* Sources */,
				0AA8AB4B2662FDDB00978B99 /* Frameworks */,
				0AA8AB4C2662FDDB00978B99 /* Resources */,
			);
			buildRules = (
			);
			dependencies = (
			);
			name = Raffles;
			productName = Raffles;
			productReference = 0AA8AB4E2662FDDB00978B99 /* Raffles.app */;
			productType = "com.apple.product-type.application";
		};
/* End PBXNativeTarget section */

/* Begin PBXProject section */
		0AA8AB462662FDDB00978B99 /* Project object */ = {
			isa = PBXProject;
			attributes = {
				LastSwiftUpdateCheck = 1250;
				LastUpgradeCheck = 1250;
				TargetAttributes = {
					0AA8AB4D2662FDDB00978B99 = {
						CreatedOnToolsVersion = 12.5;
					};
				};
			};
			buildConfigurationList = 0AA8AB492662FDDB00978B99 /* Build configuration list for PBXProject "Raffles" */;
			compatibilityVersion = "Xcode 9.3";
			developmentRegion = en;
			hasScannedForEncodings = 0;
			knownRegions = (
				en,
				Base,
			);
			mainGroup = 0AA8AB452662FDDB00978B99;
			productRefGroup = 0AA8AB4F2662FDDB00978B99 /* Products */;
			projectDirPath = "";
			projectRoot = "";
			targets = (
				0AA8AB4D2662FDDB00978B99 /* Raffles */,
			);
		};
/* End PBXProject section */

/* Begin PBXResourcesBuildPhase section */
		0AA8AB4C2662FDDB00978B99 /* Resources */ = {
			isa = PBXResourcesBuildPhase;
			buildActionMask = 2147483647;
			files = (
				0AA8AB592662FDDC00978B99 /* Preview Assets.xcassets in Resources */,
				0AA8AB562662FDDC00978B99 /* Assets.xcassets in Resources */,
			);
			runOnlyForDeploymentPostprocessing = 0;
		};
/* End PBXResourcesBuildPhase section */

/* Begin PBXSourcesBuildPhase section */
		0AA8AB4A2662FDDB00978B99 /* Sources */ = {
			isa = PBXSourcesBuildPhase;
			buildActionMask = 2147483647;
			files = (
				0AE678252663B91300D7CEEE /* Extension-URL.swift in Sources */,
				0A606D3F26646DA200DB1D54 /* RegisterViewModel.swift in Sources */,
				0A606D2126641C7E00DB1D54 /* RaffleCard.swift in Sources */,
				0A606D4F26648A6C00DB1D54 /* WinnerView.swift in Sources */,
				0AA8AB522662FDDB00978B99 /* RafflesApp.swift in Sources */,
				0A1DB3F826653719002A0134 /* CurrentSelectionView.swift in Sources */,
				0A606D422664704600DB1D54 /* RoundedCorner.swift in Sources */,
				0A1DB3F326652EA5002A0134 /* ScreenOption.swift in Sources */,
				0A1DB3F126652E81002A0134 /* RouterViewModel.swift in Sources */,
				0A606D5526649A8800DB1D54 /* RouterView.swift in Sources */,
				0A1DB3FB266539D3002A0134 /* NeumorphicCard.swift in Sources */,
				0AE6783D2664162300D7CEEE /* AllRafflesView.swift in Sources */,
				0A563658266567220037D7C0 /* Published-Extension .swift in Sources */,
				0A606D3626645D5F00DB1D54 /* ParticipantsView.swift in Sources */,
				0A606D29266448A700DB1D54 /* Validation.swift in Sources */,
				0AA8AB662662FFF500978B99 /* Endpoint.swift in Sources */,
				0AE6783526640D8C00D7CEEE /* PickAWinnerView.swift in Sources */,
				0A606D2F266456B600DB1D54 /* Participant.swift in Sources */,
				0A563656266565240037D7C0 /* ValidationPublishers.swift in Sources */,
				0AE678332663F3BE00D7CEEE /* RaffleParticipantsView.swift in Sources */,
				0A1DB3EE26652B2F002A0134 /* WinnerCard.swift in Sources */,
				0AE6782F2663E76000D7CEEE /* HomeView.swift in Sources */,
				0A606D462664777600DB1D54 /* SignUpForm.swift in Sources */,
				0A606D5326648A9700DB1D54 /* WinnerViewModel.swift in Sources */,
				0A56365A26656FE00037D7C0 /* CreateRaffleView.swift in Sources */,
				0A606D2326642B2900DB1D54 /* PostRaffleResponse.swift in Sources */,
				0A606D4B2664835700DB1D54 /* ErrorResponse.swift in Sources */,
				0AE678312663F05600D7CEEE /* RegisterView.swift in Sources */,
				0A606D3B2664686400DB1D54 /* Color-Extension.swift in Sources */,
				0A606D2D266455B200DB1D54 /* ParticipantsViewModel.swift in Sources */,
				0AA8AB642662FEC900978B99 /* HTTPMethod.swift in Sources */,
				0AA8AB682663010900978B99 /* API.swift in Sources */,
				0AA8AB6A2663024F00978B99 /* RaffleAPIClient.swift in Sources */,
				0A606D4926647DDC00DB1D54 /* PickAWinnerViewModel.swift in Sources */,
				0AE678282663C10400D7CEEE /* Raffle.swift in Sources */,
				0AE6783A2664116F00D7CEEE /* HomeViewModel.swift in Sources */,
				0A606D3D26646B3400DB1D54 /* LinearGradient-Extension.swift in Sources */,
				0AE6782A2663C24100D7CEEE /* APIError.swift in Sources */,
				0A606D2526643AE300DB1D54 /* PostRaffle.swift in Sources */,
				0A606D3326645C2C00DB1D54 /* ParticipantCell.swift in Sources */,
				0A1DB3F626652EF6002A0134 /* SelectionButton.swift in Sources */,
				0A606D442664740D00DB1D54 /* RegisterParticipantReponse.swift in Sources */,
			);
			runOnlyForDeploymentPostprocessing = 0;
		};
/* End PBXSourcesBuildPhase section */

/* Begin XCBuildConfiguration section */
		0AA8AB5B2662FDDC00978B99 /* Debug */ = {
			isa = XCBuildConfiguration;
			buildSettings = {
				ALWAYS_SEARCH_USER_PATHS = NO;
				CLANG_ANALYZER_NONNULL = YES;
				CLANG_ANALYZER_NUMBER_OBJECT_CONVERSION = YES_AGGRESSIVE;
				CLANG_CXX_LANGUAGE_STANDARD = "gnu++14";
				CLANG_CXX_LIBRARY = "libc++";
				CLANG_ENABLE_MODULES = YES;
				CLANG_ENABLE_OBJC_ARC = YES;
				CLANG_ENABLE_OBJC_WEAK = YES;
				CLANG_WARN_BLOCK_CAPTURE_AUTORELEASING = YES;
				CLANG_WARN_BOOL_CONVERSION = YES;
				CLANG_WARN_COMMA = YES;
				CLANG_WARN_CONSTANT_CONVERSION = YES;
				CLANG_WARN_DEPRECATED_OBJC_IMPLEMENTATIONS = YES;
				CLANG_WARN_DIRECT_OBJC_ISA_USAGE = YES_ERROR;
				CLANG_WARN_DOCUMENTATION_COMMENTS = YES;
				CLANG_WARN_EMPTY_BODY = YES;
				CLANG_WARN_ENUM_CONVERSION = YES;
				CLANG_WARN_INFINITE_RECURSION = YES;
				CLANG_WARN_INT_CONVERSION = YES;
				CLANG_WARN_NON_LITERAL_NULL_CONVERSION = YES;
				CLANG_WARN_OBJC_IMPLICIT_RETAIN_SELF = YES;
				CLANG_WARN_OBJC_LITERAL_CONVERSION = YES;
				CLANG_WARN_OBJC_ROOT_CLASS = YES_ERROR;
				CLANG_WARN_QUOTED_INCLUDE_IN_FRAMEWORK_HEADER = YES;
				CLANG_WARN_RANGE_LOOP_ANALYSIS = YES;
				CLANG_WARN_STRICT_PROTOTYPES = YES;
				CLANG_WARN_SUSPICIOUS_MOVE = YES;
				CLANG_WARN_UNGUARDED_AVAILABILITY = YES_AGGRESSIVE;
				CLANG_WARN_UNREACHABLE_CODE = YES;
				CLANG_WARN__DUPLICATE_METHOD_MATCH = YES;
				COPY_PHASE_STRIP = NO;
				DEBUG_INFORMATION_FORMAT = dwarf;
				ENABLE_STRICT_OBJC_MSGSEND = YES;
				ENABLE_TESTABILITY = YES;
				GCC_C_LANGUAGE_STANDARD = gnu11;
				GCC_DYNAMIC_NO_PIC = NO;
				GCC_NO_COMMON_BLOCKS = YES;
				GCC_OPTIMIZATION_LEVEL = 0;
				GCC_PREPROCESSOR_DEFINITIONS = (
					"DEBUG=1",
					"$(inherited)",
				);
				GCC_WARN_64_TO_32_BIT_CONVERSION = YES;
				GCC_WARN_ABOUT_RETURN_TYPE = YES_ERROR;
				GCC_WARN_UNDECLARED_SELECTOR = YES;
				GCC_WARN_UNINITIALIZED_AUTOS = YES_AGGRESSIVE;
				GCC_WARN_UNUSED_FUNCTION = YES;
				GCC_WARN_UNUSED_VARIABLE = YES;
				IPHONEOS_DEPLOYMENT_TARGET = 14.5;
				MTL_ENABLE_DEBUG_INFO = INCLUDE_SOURCE;
				MTL_FAST_MATH = YES;
				ONLY_ACTIVE_ARCH = YES;
				SDKROOT = iphoneos;
				SWIFT_ACTIVE_COMPILATION_CONDITIONS = DEBUG;
				SWIFT_OPTIMIZATION_LEVEL = "-Onone";
			};
			name = Debug;
		};
		0AA8AB5C2662FDDC00978B99 /* Release */ = {
			isa = XCBuildConfiguration;
			buildSettings = {
				ALWAYS_SEARCH_USER_PATHS = NO;
				CLANG_ANALYZER_NONNULL = YES;
				CLANG_ANALYZER_NUMBER_OBJECT_CONVERSION = YES_AGGRESSIVE;
				CLANG_CXX_LANGUAGE_STANDARD = "gnu++14";
				CLANG_CXX_LIBRARY = "libc++";
				CLANG_ENABLE_MODULES = YES;
				CLANG_ENABLE_OBJC_ARC = YES;
				CLANG_ENABLE_OBJC_WEAK = YES;
				CLANG_WARN_BLOCK_CAPTURE_AUTORELEASING = YES;
				CLANG_WARN_BOOL_CONVERSION = YES;
				CLANG_WARN_COMMA = YES;
				CLANG_WARN_CONSTANT_CONVERSION = YES;
				CLANG_WARN_DEPRECATED_OBJC_IMPLEMENTATIONS = YES;
				CLANG_WARN_DIRECT_OBJC_ISA_USAGE = YES_ERROR;
				CLANG_WARN_DOCUMENTATION_COMMENTS = YES;
				CLANG_WARN_EMPTY_BODY = YES;
				CLANG_WARN_ENUM_CONVERSION = YES;
				CLANG_WARN_INFINITE_RECURSION = YES;
				CLANG_WARN_INT_CONVERSION = YES;
				CLANG_WARN_NON_LITERAL_NULL_CONVERSION = YES;
				CLANG_WARN_OBJC_IMPLICIT_RETAIN_SELF = YES;
				CLANG_WARN_OBJC_LITERAL_CONVERSION = YES;
				CLANG_WARN_OBJC_ROOT_CLASS = YES_ERROR;
				CLANG_WARN_QUOTED_INCLUDE_IN_FRAMEWORK_HEADER = YES;
				CLANG_WARN_RANGE_LOOP_ANALYSIS = YES;
				CLANG_WARN_STRICT_PROTOTYPES = YES;
				CLANG_WARN_SUSPICIOUS_MOVE = YES;
				CLANG_WARN_UNGUARDED_AVAILABILITY = YES_AGGRESSIVE;
				CLANG_WARN_UNREACHABLE_CODE = YES;
				CLANG_WARN__DUPLICATE_METHOD_MATCH = YES;
				COPY_PHASE_STRIP = NO;
				DEBUG_INFORMATION_FORMAT = "dwarf-with-dsym";
				ENABLE_NS_ASSERTIONS = NO;
				ENABLE_STRICT_OBJC_MSGSEND = YES;
				GCC_C_LANGUAGE_STANDARD = gnu11;
				GCC_NO_COMMON_BLOCKS = YES;
				GCC_WARN_64_TO_32_BIT_CONVERSION = YES;
				GCC_WARN_ABOUT_RETURN_TYPE = YES_ERROR;
				GCC_WARN_UNDECLARED_SELECTOR = YES;
				GCC_WARN_UNINITIALIZED_AUTOS = YES_AGGRESSIVE;
				GCC_WARN_UNUSED_FUNCTION = YES;
				GCC_WARN_UNUSED_VARIABLE = YES;
				IPHONEOS_DEPLOYMENT_TARGET = 14.5;
				MTL_ENABLE_DEBUG_INFO = NO;
				MTL_FAST_MATH = YES;
				SDKROOT = iphoneos;
				SWIFT_COMPILATION_MODE = wholemodule;
				SWIFT_OPTIMIZATION_LEVEL = "-O";
				VALIDATE_PRODUCT = YES;
			};
			name = Release;
		};
		0AA8AB5E2662FDDC00978B99 /* Debug */ = {
			isa = XCBuildConfiguration;
			buildSettings = {
				ASSETCATALOG_COMPILER_APPICON_NAME = AppIcon;
				ASSETCATALOG_COMPILER_GLOBAL_ACCENT_COLOR_NAME = AccentColor;
				CODE_SIGN_STYLE = Automatic;
				DEVELOPMENT_ASSET_PATHS = "\"Raffles/Preview Content\"";
				DEVELOPMENT_TEAM = 8FR9D6557V;
				ENABLE_PREVIEWS = YES;
				INFOPLIST_FILE = Raffles/Info.plist;
				IPHONEOS_DEPLOYMENT_TARGET = 14.0;
				LD_RUNPATH_SEARCH_PATHS = (
					"$(inherited)",
					"@executable_path/Frameworks",
				);
				PRODUCT_BUNDLE_IDENTIFIER = com.jackwong.Raffles;
				PRODUCT_NAME = "$(TARGET_NAME)";
				SWIFT_VERSION = 5.0;
				TARGETED_DEVICE_FAMILY = "1,2";
			};
			name = Debug;
		};
		0AA8AB5F2662FDDC00978B99 /* Release */ = {
			isa = XCBuildConfiguration;
			buildSettings = {
				ASSETCATALOG_COMPILER_APPICON_NAME = AppIcon;
				ASSETCATALOG_COMPILER_GLOBAL_ACCENT_COLOR_NAME = AccentColor;
				CODE_SIGN_STYLE = Automatic;
				DEVELOPMENT_ASSET_PATHS = "\"Raffles/Preview Content\"";
				DEVELOPMENT_TEAM = 8FR9D6557V;
				ENABLE_PREVIEWS = YES;
				INFOPLIST_FILE = Raffles/Info.plist;
				IPHONEOS_DEPLOYMENT_TARGET = 14.0;
				LD_RUNPATH_SEARCH_PATHS = (
					"$(inherited)",
					"@executable_path/Frameworks",
				);
				PRODUCT_BUNDLE_IDENTIFIER = com.jackwong.Raffles;
				PRODUCT_NAME = "$(TARGET_NAME)";
				SWIFT_VERSION = 5.0;
				TARGETED_DEVICE_FAMILY = "1,2";
			};
			name = Release;
		};
/* End XCBuildConfiguration section */

/* Begin XCConfigurationList section */
		0AA8AB492662FDDB00978B99 /* Build configuration list for PBXProject "Raffles" */ = {
			isa = XCConfigurationList;
			buildConfigurations = (
				0AA8AB5B2662FDDC00978B99 /* Debug */,
				0AA8AB5C2662FDDC00978B99 /* Release */,
			);
			defaultConfigurationIsVisible = 0;
			defaultConfigurationName = Release;
		};
		0AA8AB5D2662FDDC00978B99 /* Build configuration list for PBXNativeTarget "Raffles" */ = {
			isa = XCConfigurationList;
			buildConfigurations = (
				0AA8AB5E2662FDDC00978B99 /* Debug */,
				0AA8AB5F2662FDDC00978B99 /* Release */,
			);
			defaultConfigurationIsVisible = 0;
			defaultConfigurationName = Release;
		};
/* End XCConfigurationList section */
	};
	rootObject = 0AA8AB462662FDDB00978B99 /* Project object */;
}
